{
  "name": "hookline",
  "version": "1.0.0",
  "lockfileVersion": 3,
  "requires": true,
  "packages": {
    "": {
      "name": "hookline",
      "version": "1.0.0",
      "license": "MIT",
      "bin": {
        "hookline": "src/cli.js"
      },
      "devDependencies": {},
      "engines": {
        "node": ">=22.5.0"
      }
    }
  }
}
